
Microsoft Visual Studio Solution File, Format Version 12.00
# Visual Studio Version 17
VisualStudioVersion = 17.9.34622.214
MinimumVisualStudioVersion = 10.0.40219.1
Project("{FAE04EC0-301F-11D3-BF4B-00C04F79EFBC}") = "roofing solution", "roofing solution\roofing solution.csproj", "{A42FF428-4602-4333-98D8-EE33C0284BC3}"
EndProject
Global
	GlobalSection(SolutionConfigurationPlatforms) = preSolution
		Debug|Any CPU = Debug|Any CPU
		Release|Any CPU = Release|Any CPU
	EndGlobalSection
	GlobalSection(ProjectConfigurationPlatforms) = postSolution
		{A42FF428-4602-4333-98D8-EE33C0284BC3}.Debug|Any CPU.ActiveCfg = Debug|Any CPU
		{A42FF428-4602-4333-98D8-EE33C0284BC3}.Debug|Any CPU.Build.0 = Debug|Any CPU
		{A42FF428-4602-4333-98D8-EE33C0284BC3}.Debug|Any CPU.Deploy.0 = Debug|Any CPU
		{A42FF428-4602-4333-98D8-EE33C0284BC3}.Release|Any CPU.ActiveCfg = Release|Any CPU
		{A42FF428-4602-4333-98D8-EE33C0284BC3}.Release|Any CPU.Build.0 = Release|Any CPU
		{A42FF428-4602-4333-98D8-EE33C0284BC3}.Release|Any CPU.Deploy.0 = Release|Any CPU
	EndGlobalSection
	GlobalSection(SolutionProperties) = preSolution
		HideSolutionNode = FALSE
	EndGlobalSection
	GlobalSection(ExtensibilityGlobals) = postSolution
		SolutionGuid = {01F91C3B-9257-4CCA-90C0-199D6EE92398}
	EndGlobalSection
EndGlobal
